
Microsoft Visual Studio Solution File, Format Version 12.00
# Visual Studio Version 17
VisualStudioVersion = 17.0.31903.59
MinimumVisualStudioVersion = 10.0.40219.1
Project("{2150E333-8FDC-42A3-9474-1A3956D46DE8}") = "src", "src", "{827E0CD3-B72D-47B6-A68D-7590B98EB39B}"
EndProject
Project("{FAE04EC0-301F-11D3-BF4B-00C04F79EFBC}") = "DatingBot.Domain", "src\DatingBot.Domain\DatingBot.Domain.csproj", "{5BB2DB25-452A-47B0-8488-7B5112B79BF0}"
EndProject
Project("{FAE04EC0-301F-11D3-BF4B-00C04F79EFBC}") = "DatingBot.Application", "src\DatingBot.Application\DatingBot.Application.csproj", "{806ACE23-AD6B-4BAF-A8C1-11E4298BFC79}"
EndProject
Project("{FAE04EC0-301F-11D3-BF4B-00C04F79EFBC}") = "DatingBot.Infrastructure", "src\DatingBot.Infrastructure\DatingBot.Infrastructure.csproj", "{60F860C4-17DE-45C3-8BBE-08FCBF97B495}"
EndProject
Project("{FAE04EC0-301F-11D3-BF4B-00C04F79EFBC}") = "DatingBot.Bot", "src\DatingBot.Bot\DatingBot.Bot.csproj", "{BA70C4E4-5E4E-46BD-A105-4D1194469969}"
EndProject
Project("{FAE04EC0-301F-11D3-BF4B-00C04F79EFBC}") = "DatingBot.UnitTests", "tests\DatingBot.UnitTests\DatingBot.UnitTests.csproj", "{078DC3CE-184E-45D4-9BE0-BD8133C7E96E}"
EndProject
Project("{FAE04EC0-301F-11D3-BF4B-00C04F79EFBC}") = "DatingBot.IntegrationTests", "tests\DatingBot.IntegrationTests\DatingBot.IntegrationTests.csproj", "{6542A730-1260-4B7B-A1FC-AA8E90CA9FF6}"
EndProject
Global
	GlobalSection(SolutionConfigurationPlatforms) = preSolution
		Debug|Any CPU = Debug|Any CPU
		Debug|x64 = Debug|x64
		Debug|x86 = Debug|x86
		Release|Any CPU = Release|Any CPU
		Release|x64 = Release|x64
		Release|x86 = Release|x86
	EndGlobalSection
	GlobalSection(ProjectConfigurationPlatforms) = postSolution
		{5BB2DB25-452A-47B0-8488-7B5112B79BF0}.Debug|Any CPU.ActiveCfg = Debug|Any CPU
		{5BB2DB25-452A-47B0-8488-7B5112B79BF0}.Debug|Any CPU.Build.0 = Debug|Any CPU
		{5BB2DB25-452A-47B0-8488-7B5112B79BF0}.Debug|x64.ActiveCfg = Debug|Any CPU
		{5BB2DB25-452A-47B0-8488-7B5112B79BF0}.Debug|x64.Build.0 = Debug|Any CPU
		{5BB2DB25-452A-47B0-8488-7B5112B79BF0}.Debug|x86.ActiveCfg = Debug|Any CPU
		{5BB2DB25-452A-47B0-8488-7B5112B79BF0}.Debug|x86.Build.0 = Debug|Any CPU
		{5BB2DB25-452A-47B0-8488-7B5112B79BF0}.Release|Any CPU.ActiveCfg = Release|Any CPU
		{5BB2DB25-452A-47B0-8488-7B5112B79BF0}.Release|Any CPU.Build.0 = Release|Any CPU
		{5BB2DB25-452A-47B0-8488-7B5112B79BF0}.Release|x64.ActiveCfg = Release|Any CPU
		{5BB2DB25-452A-47B0-8488-7B5112B79BF0}.Release|x64.Build.0 = Release|Any CPU
		{5BB2DB25-452A-47B0-8488-7B5112B79BF0}.Release|x86.ActiveCfg = Release|Any CPU
		{5BB2DB25-452A-47B0-8488-7B5112B79BF0}.Release|x86.Build.0 = Release|Any CPU
		{806ACE23-AD6B-4BAF-A8C1-11E4298BFC79}.Debug|Any CPU.ActiveCfg = Debug|Any CPU
		{806ACE23-AD6B-4BAF-A8C1-11E4298BFC79}.Debug|Any CPU.Build.0 = Debug|Any CPU
		{806ACE23-AD6B-4BAF-A8C1-11E4298BFC79}.Debug|x64.ActiveCfg = Debug|Any CPU
		{806ACE23-AD6B-4BAF-A8C1-11E4298BFC79}.Debug|x64.Build.0 = Debug|Any CPU
		{806ACE23-AD6B-4BAF-A8C1-11E4298BFC79}.Debug|x86.ActiveCfg = Debug|Any CPU
		{806ACE23-AD6B-4BAF-A8C1-11E4298BFC79}.Debug|x86.Build.0 = Debug|Any CPU
		{806ACE23-AD6B-4BAF-A8C1-11E4298BFC79}.Release|Any CPU.ActiveCfg = Release|Any CPU
		{806ACE23-AD6B-4BAF-A8C1-11E4298BFC79}.Release|Any CPU.Build.0 = Release|Any CPU
		{806ACE23-AD6B-4BAF-A8C1-11E4298BFC79}.Release|x64.ActiveCfg = Release|Any CPU
		{806ACE23-AD6B-4BAF-A8C1-11E4298BFC79}.Release|x64.Build.0 = Release|Any CPU
		{806ACE23-AD6B-4BAF-A8C1-11E4298BFC79}.Release|x86.ActiveCfg = Release|Any CPU
		{806ACE23-AD6B-4BAF-A8C1-11E4298BFC79}.Release|x86.Build.0 = Release|Any CPU
		{60F860C4-17DE-45C3-8BBE-08FCBF97B495}.Debug|Any CPU.ActiveCfg = Debug|Any CPU
		{60F860C4-17DE-45C3-8BBE-08FCBF97B495}.Debug|Any CPU.Build.0 = Debug|Any CPU
		{60F860C4-17DE-45C3-8BBE-08FCBF97B495}.Debug|x64.ActiveCfg = Debug|Any CPU
		{60F860C4-17DE-45C3-8BBE-08FCBF97B495}.Debug|x64.Build.0 = Debug|Any CPU
		{60F860C4-17DE-45C3-8BBE-08FCBF97B495}.Debug|x86.ActiveCfg = Debug|Any CPU
		{60F860C4-17DE-45C3-8BBE-08FCBF97B495}.Debug|x86.Build.0 = Debug|Any CPU
		{60F860C4-17DE-45C3-8BBE-08FCBF97B495}.Release|Any CPU.ActiveCfg = Release|Any CPU
		{60F860C4-17DE-45C3-8BBE-08FCBF97B495}.Release|Any CPU.Build.0 = Release|Any CPU
		{60F860C4-17DE-45C3-8BBE-08FCBF97B495}.Release|x64.ActiveCfg = Release|Any CPU
		{60F860C4-17DE-45C3-8BBE-08FCBF97B495}.Release|x64.Build.0 = Release|Any CPU
		{60F860C4-17DE-45C3-8BBE-08FCBF97B495}.Release|x86.ActiveCfg = Release|Any CPU
		{60F860C4-17DE-45C3-8BBE-08FCBF97B495}.Release|x86.Build.0 = Release|Any CPU
		{BA70C4E4-5E4E-46BD-A105-4D1194469969}.Debug|Any CPU.ActiveCfg = Debug|Any CPU
		{BA70C4E4-5E4E-46BD-A105-4D1194469969}.Debug|Any CPU.Build.0 = Debug|Any CPU
		{BA70C4E4-5E4E-46BD-A105-4D1194469969}.Debug|x64.ActiveCfg = Debug|Any CPU
		{BA70C4E4-5E4E-46BD-A105-4D1194469969}.Debug|x64.Build.0 = Debug|Any CPU
		{BA70C4E4-5E4E-46BD-A105-4D1194469969}.Debug|x86.ActiveCfg = Debug|Any CPU
		{BA70C4E4-5E4E-46BD-A105-4D1194469969}.Debug|x86.Build.0 = Debug|Any CPU
		{BA70C4E4-5E4E-46BD-A105-4D1194469969}.Release|Any CPU.ActiveCfg = Release|Any CPU
		{BA70C4E4-5E4E-46BD-A105-4D1194469969}.Release|Any CPU.Build.0 = Release|Any CPU
		{BA70C4E4-5E4E-46BD-A105-4D1194469969}.Release|x64.ActiveCfg = Release|Any CPU
		{BA70C4E4-5E4E-46BD-A105-4D1194469969}.Release|x64.Build.0 = Release|Any CPU
		{BA70C4E4-5E4E-46BD-A105-4D1194469969}.Release|x86.ActiveCfg = Release|Any CPU
		{BA70C4E4-5E4E-46BD-A105-4D1194469969}.Release|x86.Build.0 = Release|Any CPU
		{078DC3CE-184E-45D4-9BE0-BD8133C7E96E}.Debug|Any CPU.ActiveCfg = Debug|Any CPU
		{078DC3CE-184E-45D4-9BE0-BD8133C7E96E}.Debug|Any CPU.Build.0 = Debug|Any CPU
		{078DC3CE-184E-45D4-9BE0-BD8133C7E96E}.Debug|x64.ActiveCfg = Debug|Any CPU
		{078DC3CE-184E-45D4-9BE0-BD8133C7E96E}.Debug|x64.Build.0 = Debug|Any CPU
		{078DC3CE-184E-45D4-9BE0-BD8133C7E96E}.Debug|x86.ActiveCfg = Debug|Any CPU
		{078DC3CE-184E-45D4-9BE0-BD8133C7E96E}.Debug|x86.Build.0 = Debug|Any CPU
		{078DC3CE-184E-45D4-9BE0-BD8133C7E96E}.Release|Any CPU.ActiveCfg = Release|Any CPU
		{078DC3CE-184E-45D4-9BE0-BD8133C7E96E}.Release|Any CPU.Build.0 = Release|Any CPU
		{078DC3CE-184E-45D4-9BE0-BD8133C7E96E}.Release|x64.ActiveCfg = Release|Any CPU
		{078DC3CE-184E-45D4-9BE0-BD8133C7E96E}.Release|x64.Build.0 = Release|Any CPU
		{078DC3CE-184E-45D4-9BE0-BD8133C7E96E}.Release|x86.ActiveCfg = Release|Any CPU
		{078DC3CE-184E-45D4-9BE0-BD8133C7E96E}.Release|x86.Build.0 = Release|Any CPU
		{6542A730-1260-4B7B-A1FC-AA8E90CA9FF6}.Debug|Any CPU.ActiveCfg = Debug|Any CPU
		{6542A730-1260-4B7B-A1FC-AA8E90CA9FF6}.Debug|Any CPU.Build.0 = Debug|Any CPU
		{6542A730-1260-4B7B-A1FC-AA8E90CA9FF6}.Debug|x64.ActiveCfg = Debug|Any CPU
		{6542A730-1260-4B7B-A1FC-AA8E90CA9FF6}.Debug|x64.Build.0 = Debug|Any CPU
		{6542A730-1260-4B7B-A1FC-AA8E90CA9FF6}.Debug|x86.ActiveCfg = Debug|Any CPU
		{6542A730-1260-4B7B-A1FC-AA8E90CA9FF6}.Debug|x86.Build.0 = Debug|Any CPU
		{6542A730-1260-4B7B-A1FC-AA8E90CA9FF6}.Release|Any CPU.ActiveCfg = Release|Any CPU
		{6542A730-1260-4B7B-A1FC-AA8E90CA9FF6}.Release|Any CPU.Build.0 = Release|Any CPU
		{6542A730-1260-4B7B-A1FC-AA8E90CA9FF6}.Release|x64.ActiveCfg = Release|Any CPU
		{6542A730-1260-4B7B-A1FC-AA8E90CA9FF6}.Release|x64.Build.0 = Release|Any CPU
		{6542A730-1260-4B7B-A1FC-AA8E90CA9FF6}.Release|x86.ActiveCfg = Release|Any CPU
		{6542A730-1260-4B7B-A1FC-AA8E90CA9FF6}.Release|x86.Build.0 = Release|Any CPU
	EndGlobalSection
	GlobalSection(SolutionProperties) = preSolution
		HideSolutionNode = FALSE
	EndGlobalSection
	GlobalSection(NestedProjects) = preSolution
		{5BB2DB25-452A-47B0-8488-7B5112B79BF0} = {827E0CD3-B72D-47B6-A68D-7590B98EB39B}
		{806ACE23-AD6B-4BAF-A8C1-11E4298BFC79} = {827E0CD3-B72D-47B6-A68D-7590B98EB39B}
		{60F860C4-17DE-45C3-8BBE-08FCBF97B495} = {827E0CD3-B72D-47B6-A68D-7590B98EB39B}
		{BA70C4E4-5E4E-46BD-A105-4D1194469969} = {827E0CD3-B72D-47B6-A68D-7590B98EB39B}
		{078DC3CE-184E-45D4-9BE0-BD8133C7E96E} = {827E0CD3-B72D-47B6-A68D-7590B98EB39B}
		{6542A730-1260-4B7B-A1FC-AA8E90CA9FF6} = {827E0CD3-B72D-47B6-A68D-7590B98EB39B}
	EndGlobalSection
EndGlobal
